<?xml version="1.0" encoding="utf-8"?>
<Project ToolsVersion="4.0" xmlns="http://schemas.microsoft.com/developer/msbuild/2003">
  <ItemGroup>
    <Filter Include="Source Files">
      <UniqueIdentifier>{4FC737F1-C7A5-4376-A066-2A32D752A2FF}</UniqueIdentifier>
      <Extensions>cpp;c;cc;cxx;def;odl;idl;hpj;bat;asm;asmx</Extensions>
    </Filter>
    <Filter Include="Shaders">
      <UniqueIdentifier>{3c9d13d4-1afb-44c9-bcda-ba7556470932}</UniqueIdentifier>
    </Filter>
    <Filter Include="Objects">
      <UniqueIdentifier>{68336bba-e9b9-4c3c-8d4c-f82b7833f5d8}</UniqueIdentifier>
    </Filter>
    <Filter Include="Objects\Instances">
      <UniqueIdentifier>{2bbeedf8-855a-4d15-992a-5e6d62c98e6a}</UniqueIdentifier>
    </Filter>
    <Filter Include="Rendering">
      <UniqueIdentifier>{ab24ad2f-7c80-487c-b475-1db42bee0369}</UniqueIdentifier>
    </Filter>
    <Filter Include="Objects\Texture">
      <UniqueIdentifier>{73122edc-d6e8-4318-8aff-bd87c0307bcb}</UniqueIdentifier>
    </Filter>
    <Filter Include="Source Files\Resources">
      <UniqueIdentifier>{ff613954-f2e5-4110-9ce2-e7b4231611ab}</UniqueIdentifier>
    </Filter>
    <Filter Include="User Input">
      <UniqueIdentifier>{a7296439-5551-43c1-9a0b-2df38c6758cf}</UniqueIdentifier>
    </Filter>
    <Filter Include="Objects\Interface">
      <UniqueIdentifier>{38246b4c-2b3a-4f31-a0cd-4e0c68b6ad92}</UniqueIdentifier>
    </Filter>
  </ItemGroup>
  <ItemGroup>
    <ClCompile Include="Game.cpp">
      <Filter>Source Files</Filter>
    </ClCompile>
    <ClCompile Include="Application.cpp">
      <Filter>Source Files</Filter>
    </ClCompile>
    <ClCompile Include="Camera.cpp">
      <Filter>Source Files</Filter>
    </ClCompile>
    <ClCompile Include="GPUProgram.cpp">
      <Filter>Source Files</Filter>
    </ClCompile>
    <ClCompile Include="Util.cpp">
      <Filter>Source Files</Filter>
    </ClCompile>
    <ClCompile Include="Player.cpp">
      <Filter>Source Files</Filter>
    </ClCompile>
    <ClCompile Include="Light.cpp">
      <Filter>Source Files</Filter>
    </ClCompile>
    <ClCompile Include="Box.cpp">
      <Filter>Objects</Filter>
    </ClCompile>
    <ClCompile Include="Crosshair.cpp">
      <Filter>Objects</Filter>
    </ClCompile>
    <ClCompile Include="HealthBar.cpp">
      <Filter>Objects</Filter>
    </ClCompile>
    <ClCompile Include="Renderer.cpp">
      <Filter>Rendering</Filter>
    </ClCompile>
    <ClCompile Include="Texture.cpp">
      <Filter>Objects\Texture</Filter>
    </ClCompile>
    <ClCompile Include="WeaponModel.cpp">
      <Filter>Objects</Filter>
    </ClCompile>
    <ClCompile Include="Skybox.cpp">
      <Filter>Objects</Filter>
    </ClCompile>
    <ClCompile Include="GeometryInstance.cpp">
      <Filter>Objects\Instances</Filter>
    </ClCompile>
    <ClCompile Include="EventHandler.cpp">
      <Filter>User Input</Filter>
    </ClCompile>
    <ClCompile Include="Projectile.cpp">
      <Filter>Objects</Filter>
    </ClCompile>
    <ClCompile Include="ProjectileInstance.cpp">
      <Filter>Objects\Instances</Filter>
    </ClCompile>
  </ItemGroup>
  <ItemGroup>
    <ClInclude Include="Application.h">
      <Filter>Source Files</Filter>
    </ClInclude>
    <ClInclude Include="Camera.h">
      <Filter>Source Files</Filter>
    </ClInclude>
    <ClInclude Include="GPUProgram.h">
      <Filter>Source Files</Filter>
    </ClInclude>
    <ClInclude Include="Util.h">
      <Filter>Source Files</Filter>
    </ClInclude>
    <ClInclude Include="Player.h">
      <Filter>Source Files</Filter>
    </ClInclude>
    <ClInclude Include="Light.h">
      <Filter>Source Files</Filter>
    </ClInclude>
    <ClInclude Include="Box.h">
      <Filter>Objects</Filter>
    </ClInclude>
    <ClInclude Include="Crosshair.h">
      <Filter>Objects</Filter>
    </ClInclude>
    <ClInclude Include="HealthBar.h">
      <Filter>Objects</Filter>
    </ClInclude>
    <ClInclude Include="Renderer.h">
      <Filter>Rendering</Filter>
    </ClInclude>
    <ClInclude Include="Texture.h">
      <Filter>Objects\Texture</Filter>
    </ClInclude>
    <ClInclude Include="WeaponModel.h">
      <Filter>Objects</Filter>
    </ClInclude>
    <ClInclude Include="Skybox.h">
      <Filter>Objects</Filter>
    </ClInclude>
    <ClInclude Include="GeometryInstance.h">
      <Filter>Objects\Instances</Filter>
    </ClInclude>
    <ClInclude Include="EventHandler.h">
      <Filter>User Input</Filter>
    </ClInclude>
    <ClInclude Include="Projectile.h">
      <Filter>Objects</Filter>
    </ClInclude>
    <ClInclude Include="IGeometry.h">
      <Filter>Objects\Interface</Filter>
    </ClInclude>
    <ClInclude Include="IProjectile.h">
      <Filter>Objects\Interface</Filter>
    </ClInclude>
    <ClInclude Include="ProjectileInstance.h">
      <Filter>Objects\Instances</Filter>
    </ClInclude>
  </ItemGroup>
  <ItemGroup>
    <None Include="crosshair.vert">
      <Filter>Shaders</Filter>
    </None>
    <None Include="box.vert">
      <Filter>Shaders</Filter>
    </None>
    <None Include="lostHP.vert">
      <Filter>Shaders</Filter>
    </None>
    <None Include="weaponModel.vert">
      <Filter>Shaders</Filter>
    </None>
    <None Include="skybox.vert">
      <Filter>Shaders</Filter>
    </None>
    <None Include="SimpleColor.frag">
      <Filter>Shaders</Filter>
    </None>
    <None Include="SimpleTexture.frag">
      <Filter>Shaders</Filter>
    </None>
    <None Include="Sphere.vert">
      <Filter>Shaders</Filter>
    </None>
  </ItemGroup>
  <ItemGroup>
    <Image Include="nvidia.jpg">
      <Filter>Source Files\Resources</Filter>
    </Image>
    <Image Include="weapon-model.png">
      <Filter>Source Files\Resources</Filter>
    </Image>
    <Image Include="test.png">
      <Filter>Source Files\Resources</Filter>
    </Image>
    <Image Include="space.jpg">
      <Filter>Source Files\Resources</Filter>
    </Image>
  </ItemGroup>
  <ItemGroup>
    <Text Include="PhongReflectionTex.frag">
      <Filter>Shaders</Filter>
    </Text>
    <Text Include="PhongReflection.frag">
      <Filter>Shaders</Filter>
    </Text>
  </ItemGroup>
</Project>