<?xml version="1.0" encoding="utf-8"?>
<Project ToolsVersion="4.0" xmlns="http://schemas.microsoft.com/developer/msbuild/2003">
  <ItemGroup>
    <Filter Include="Source Files">
      <UniqueIdentifier>{4FC737F1-C7A5-4376-A066-2A32D752A2FF}</UniqueIdentifier>
      <Extensions>cpp;c;cc;cxx;def;odl;idl;hpj;bat;asm;asmx</Extensions>
    </Filter>
    <Filter Include="Shaders">
      <UniqueIdentifier>{3c9d13d4-1afb-44c9-bcda-ba7556470932}</UniqueIdentifier>
    </Filter>
    <Filter Include="Objects">
      <UniqueIdentifier>{68336bba-e9b9-4c3c-8d4c-f82b7833f5d8}</UniqueIdentifier>
    </Filter>
    <Filter Include="Objects\Instances">
      <UniqueIdentifier>{2bbeedf8-855a-4d15-992a-5e6d62c98e6a}</UniqueIdentifier>
    </Filter>
    <Filter Include="Rendering">
      <UniqueIdentifier>{ab24ad2f-7c80-487c-b475-1db42bee0369}</UniqueIdentifier>
    </Filter>
    <Filter Include="Objects\Texture">
      <UniqueIdentifier>{73122edc-d6e8-4318-8aff-bd87c0307bcb}</UniqueIdentifier>
    </Filter>
  </ItemGroup>
  <ItemGroup>
    <ClCompile Include="Game.cpp">
      <Filter>Source Files</Filter>
    </ClCompile>
    <ClCompile Include="Application.cpp">
      <Filter>Source Files</Filter>
    </ClCompile>
    <ClCompile Include="Camera.cpp">
      <Filter>Source Files</Filter>
    </ClCompile>
    <ClCompile Include="GPUProgram.cpp">
      <Filter>Source Files</Filter>
    </ClCompile>
    <ClCompile Include="Util.cpp">
      <Filter>Source Files</Filter>
    </ClCompile>
    <ClCompile Include="Player.cpp">
      <Filter>Source Files</Filter>
    </ClCompile>
    <ClCompile Include="Light.cpp">
      <Filter>Source Files</Filter>
    </ClCompile>
    <ClCompile Include="AnotherBox.cpp">
      <Filter>Objects</Filter>
    </ClCompile>
    <ClCompile Include="Box.cpp">
      <Filter>Objects</Filter>
    </ClCompile>
    <ClCompile Include="Crosshair.cpp">
      <Filter>Objects</Filter>
    </ClCompile>
    <ClCompile Include="HealthBar.cpp">
      <Filter>Objects</Filter>
    </ClCompile>
    <ClCompile Include="Projectile.cpp">
      <Filter>Objects</Filter>
    </ClCompile>
    <ClCompile Include="BoxInstance.cpp">
      <Filter>Objects\Instances</Filter>
    </ClCompile>
    <ClCompile Include="Renderer.cpp">
      <Filter>Rendering</Filter>
    </ClCompile>
    <ClCompile Include="Texture.cpp">
      <Filter>Objects\Texture</Filter>
    </ClCompile>
    <ClCompile Include="WeaponModel.cpp">
      <Filter>Objects</Filter>
    </ClCompile>
    <ClCompile Include="Skybox.cpp">
      <Filter>Objects</Filter>
    </ClCompile>
    <ClCompile Include="Grid.cpp">
      <Filter>Objects</Filter>
    </ClCompile>
  </ItemGroup>
  <ItemGroup>
    <ClInclude Include="Application.h">
      <Filter>Source Files</Filter>
    </ClInclude>
    <ClInclude Include="Camera.h">
      <Filter>Source Files</Filter>
    </ClInclude>
    <ClInclude Include="GPUProgram.h">
      <Filter>Source Files</Filter>
    </ClInclude>
    <ClInclude Include="Util.h">
      <Filter>Source Files</Filter>
    </ClInclude>
    <ClInclude Include="Player.h">
      <Filter>Source Files</Filter>
    </ClInclude>
    <ClInclude Include="Light.h">
      <Filter>Source Files</Filter>
    </ClInclude>
    <ClInclude Include="AnotherBox.h">
      <Filter>Objects</Filter>
    </ClInclude>
    <ClInclude Include="Box.h">
      <Filter>Objects</Filter>
    </ClInclude>
    <ClInclude Include="Crosshair.h">
      <Filter>Objects</Filter>
    </ClInclude>
    <ClInclude Include="HealthBar.h">
      <Filter>Objects</Filter>
    </ClInclude>
    <ClInclude Include="Projectile.h">
      <Filter>Objects</Filter>
    </ClInclude>
    <ClInclude Include="BoxInstance.h">
      <Filter>Objects\Instances</Filter>
    </ClInclude>
    <ClInclude Include="Renderer.h">
      <Filter>Rendering</Filter>
    </ClInclude>
    <ClInclude Include="Texture.h">
      <Filter>Objects\Texture</Filter>
    </ClInclude>
    <ClInclude Include="WeaponModel.h">
      <Filter>Objects</Filter>
    </ClInclude>
    <ClInclude Include="Skybox.h">
      <Filter>Objects</Filter>
    </ClInclude>
    <ClInclude Include="Grid.h">
      <Filter>Objects</Filter>
    </ClInclude>
  </ItemGroup>
  <ItemGroup>
    <None Include="crosshair.frag">
      <Filter>Shaders</Filter>
    </None>
    <None Include="crosshair.vert">
      <Filter>Shaders</Filter>
    </None>
    <None Include="box.frag">
      <Filter>Shaders</Filter>
    </None>
    <None Include="box.vert">
      <Filter>Shaders</Filter>
    </None>
    <None Include="anBox.vert">
      <Filter>Shaders</Filter>
    </None>
    <None Include="anBox.frag">
      <Filter>Shaders</Filter>
    </None>
    <None Include="lostHP.frag">
      <Filter>Shaders</Filter>
    </None>
    <None Include="lostHP.vert">
      <Filter>Shaders</Filter>
    </None>
    <None Include="projectile.frag">
      <Filter>Shaders</Filter>
    </None>
    <None Include="projectile.vert">
      <Filter>Shaders</Filter>
    </None>
    <None Include="weaponModel.frag">
      <Filter>Shaders</Filter>
    </None>
    <None Include="weaponModel.vert">
      <Filter>Shaders</Filter>
    </None>
    <None Include="skybox.vert">
      <Filter>Shaders</Filter>
    </None>
    <None Include="skybox.frag">
      <Filter>Shaders</Filter>
    </None>
    <None Include="grid.frag">
      <Filter>Shaders</Filter>
    </None>
    <None Include="grid.vert">
      <Filter>Shaders</Filter>
    </None>
  </ItemGroup>
  <ItemGroup>
    <Image Include="C:\Users\GetoMafia\Pictures\bg.bmp">
      <Filter>Source Files</Filter>
    </Image>
  </ItemGroup>
</Project>